
Microsoft Visual Studio Solution File, Format Version 12.00
# Visual Studio 2013
VisualStudioVersion = 12.0.21005.1
MinimumVisualStudioVersion = 10.0.40219.1
Project("{8BC9CEB8-8B4A-11D0-8D11-00A0C91BC942}") = "15_SingleLinkedList", "15_SingleLinkedList\15_SingleLinkedList.vcxproj", "{12B94549-11EC-44B7-BE27-D11C721F5168}"
EndProject
Global
	GlobalSection(SolutionConfigurationPlatforms) = preSolution
		Debug|Win32 = Debug|Win32
		Release|Win32 = Release|Win32
	EndGlobalSection
	GlobalSection(ProjectConfigurationPlatforms) = postSolution
		{12B94549-11EC-44B7-BE27-D11C721F5168}.Debug|Win32.ActiveCfg = Debug|Win32
		{12B94549-11EC-44B7-BE27-D11C721F5168}.Debug|Win32.Build.0 = Debug|Win32
		{12B94549-11EC-44B7-BE27-D11C721F5168}.Release|Win32.ActiveCfg = Release|Win32
		{12B94549-11EC-44B7-BE27-D11C721F5168}.Release|Win32.Build.0 = Release|Win32
	EndGlobalSection
	GlobalSection(SolutionProperties) = preSolution
		HideSolutionNode = FALSE
	EndGlobalSection
EndGlobal
